
Microsoft Visual Studio Solution File, Format Version 12.00
# Visual Studio 15
VisualStudioVersion = 15.0.28307.421
MinimumVisualStudioVersion = 10.0.40219.1
Project("{FAE04EC0-301F-11D3-BF4B-00C04F79EFBC}") = "ElPueblo", "ElPueblo\ElPueblo.csproj", "{FCAD2171-83DB-439B-89AF-8C5A8F8D9C25}"
EndProject
Global
	GlobalSection(SolutionConfigurationPlatforms) = preSolution
		Debug|Any CPU = Debug|Any CPU
		Release|Any CPU = Release|Any CPU
	EndGlobalSection
	GlobalSection(ProjectConfigurationPlatforms) = postSolution
		{FCAD2171-83DB-439B-89AF-8C5A8F8D9C25}.Debug|Any CPU.ActiveCfg = Debug|Any CPU
		{FCAD2171-83DB-439B-89AF-8C5A8F8D9C25}.Debug|Any CPU.Build.0 = Debug|Any CPU
		{FCAD2171-83DB-439B-89AF-8C5A8F8D9C25}.Release|Any CPU.ActiveCfg = Release|Any CPU
		{FCAD2171-83DB-439B-89AF-8C5A8F8D9C25}.Release|Any CPU.Build.0 = Release|Any CPU
	EndGlobalSection
	GlobalSection(SolutionProperties) = preSolution
		HideSolutionNode = FALSE
	EndGlobalSection
	GlobalSection(ExtensibilityGlobals) = postSolution
		SolutionGuid = {E027EE23-70BB-430C-9A2D-193C12B15088}
	EndGlobalSection
EndGlobal
